
Microsoft Visual Studio Solution File, Format Version 12.00
# Visual Studio Version 16
VisualStudioVersion = 16.0.30114.105
MinimumVisualStudioVersion = 10.0.40219.1
Project("{FAE04EC0-301F-11D3-BF4B-00C04F79EFBC}") = "API", "API\API.csproj", "{AF04FDEF-F9AE-4592-ABEF-9FF2DAF88ED6}"
EndProject
Project("{FAE04EC0-301F-11D3-BF4B-00C04F79EFBC}") = "Application", "Application\Application.csproj", "{C53C5586-C515-4C59-9093-FF836E30630C}"
EndProject
Project("{FAE04EC0-301F-11D3-BF4B-00C04F79EFBC}") = "Domain", "Domain\Domain.csproj", "{E6633482-5E90-43BD-9A6F-D1F90D2AA09E}"
EndProject
Project("{FAE04EC0-301F-11D3-BF4B-00C04F79EFBC}") = "Persistence", "Persistence\Persistence.csproj", "{ED5EA428-89DA-4608-8BEF-4D66AF12D986}"
EndProject
Global
	GlobalSection(SolutionConfigurationPlatforms) = preSolution
		Debug|Any CPU = Debug|Any CPU
		Debug|x64 = Debug|x64
		Debug|x86 = Debug|x86
		Release|Any CPU = Release|Any CPU
		Release|x64 = Release|x64
		Release|x86 = Release|x86
	EndGlobalSection
	GlobalSection(SolutionProperties) = preSolution
		HideSolutionNode = FALSE
	EndGlobalSection
	GlobalSection(ProjectConfigurationPlatforms) = postSolution
		{AF04FDEF-F9AE-4592-ABEF-9FF2DAF88ED6}.Debug|Any CPU.ActiveCfg = Debug|Any CPU
		{AF04FDEF-F9AE-4592-ABEF-9FF2DAF88ED6}.Debug|Any CPU.Build.0 = Debug|Any CPU
		{AF04FDEF-F9AE-4592-ABEF-9FF2DAF88ED6}.Debug|x64.ActiveCfg = Debug|Any CPU
		{AF04FDEF-F9AE-4592-ABEF-9FF2DAF88ED6}.Debug|x64.Build.0 = Debug|Any CPU
		{AF04FDEF-F9AE-4592-ABEF-9FF2DAF88ED6}.Debug|x86.ActiveCfg = Debug|Any CPU
		{AF04FDEF-F9AE-4592-ABEF-9FF2DAF88ED6}.Debug|x86.Build.0 = Debug|Any CPU
		{AF04FDEF-F9AE-4592-ABEF-9FF2DAF88ED6}.Release|Any CPU.ActiveCfg = Release|Any CPU
		{AF04FDEF-F9AE-4592-ABEF-9FF2DAF88ED6}.Release|Any CPU.Build.0 = Release|Any CPU
		{AF04FDEF-F9AE-4592-ABEF-9FF2DAF88ED6}.Release|x64.ActiveCfg = Release|Any CPU
		{AF04FDEF-F9AE-4592-ABEF-9FF2DAF88ED6}.Release|x64.Build.0 = Release|Any CPU
		{AF04FDEF-F9AE-4592-ABEF-9FF2DAF88ED6}.Release|x86.ActiveCfg = Release|Any CPU
		{AF04FDEF-F9AE-4592-ABEF-9FF2DAF88ED6}.Release|x86.Build.0 = Release|Any CPU
		{C53C5586-C515-4C59-9093-FF836E30630C}.Debug|Any CPU.ActiveCfg = Debug|Any CPU
		{C53C5586-C515-4C59-9093-FF836E30630C}.Debug|Any CPU.Build.0 = Debug|Any CPU
		{C53C5586-C515-4C59-9093-FF836E30630C}.Debug|x64.ActiveCfg = Debug|Any CPU
		{C53C5586-C515-4C59-9093-FF836E30630C}.Debug|x64.Build.0 = Debug|Any CPU
		{C53C5586-C515-4C59-9093-FF836E30630C}.Debug|x86.ActiveCfg = Debug|Any CPU
		{C53C5586-C515-4C59-9093-FF836E30630C}.Debug|x86.Build.0 = Debug|Any CPU
		{C53C5586-C515-4C59-9093-FF836E30630C}.Release|Any CPU.ActiveCfg = Release|Any CPU
		{C53C5586-C515-4C59-9093-FF836E30630C}.Release|Any CPU.Build.0 = Release|Any CPU
		{C53C5586-C515-4C59-9093-FF836E30630C}.Release|x64.ActiveCfg = Release|Any CPU
		{C53C5586-C515-4C59-9093-FF836E30630C}.Release|x64.Build.0 = Release|Any CPU
		{C53C5586-C515-4C59-9093-FF836E30630C}.Release|x86.ActiveCfg = Release|Any CPU
		{C53C5586-C515-4C59-9093-FF836E30630C}.Release|x86.Build.0 = Release|Any CPU
		{E6633482-5E90-43BD-9A6F-D1F90D2AA09E}.Debug|Any CPU.ActiveCfg = Debug|Any CPU
		{E6633482-5E90-43BD-9A6F-D1F90D2AA09E}.Debug|Any CPU.Build.0 = Debug|Any CPU
		{E6633482-5E90-43BD-9A6F-D1F90D2AA09E}.Debug|x64.ActiveCfg = Debug|Any CPU
		{E6633482-5E90-43BD-9A6F-D1F90D2AA09E}.Debug|x64.Build.0 = Debug|Any CPU
		{E6633482-5E90-43BD-9A6F-D1F90D2AA09E}.Debug|x86.ActiveCfg = Debug|Any CPU
		{E6633482-5E90-43BD-9A6F-D1F90D2AA09E}.Debug|x86.Build.0 = Debug|Any CPU
		{E6633482-5E90-43BD-9A6F-D1F90D2AA09E}.Release|Any CPU.ActiveCfg = Release|Any CPU
		{E6633482-5E90-43BD-9A6F-D1F90D2AA09E}.Release|Any CPU.Build.0 = Release|Any CPU
		{E6633482-5E90-43BD-9A6F-D1F90D2AA09E}.Release|x64.ActiveCfg = Release|Any CPU
		{E6633482-5E90-43BD-9A6F-D1F90D2AA09E}.Release|x64.Build.0 = Release|Any CPU
		{E6633482-5E90-43BD-9A6F-D1F90D2AA09E}.Release|x86.ActiveCfg = Release|Any CPU
		{E6633482-5E90-43BD-9A6F-D1F90D2AA09E}.Release|x86.Build.0 = Release|Any CPU
		{ED5EA428-89DA-4608-8BEF-4D66AF12D986}.Debug|Any CPU.ActiveCfg = Debug|Any CPU
		{ED5EA428-89DA-4608-8BEF-4D66AF12D986}.Debug|Any CPU.Build.0 = Debug|Any CPU
		{ED5EA428-89DA-4608-8BEF-4D66AF12D986}.Debug|x64.ActiveCfg = Debug|Any CPU
		{ED5EA428-89DA-4608-8BEF-4D66AF12D986}.Debug|x64.Build.0 = Debug|Any CPU
		{ED5EA428-89DA-4608-8BEF-4D66AF12D986}.Debug|x86.ActiveCfg = Debug|Any CPU
		{ED5EA428-89DA-4608-8BEF-4D66AF12D986}.Debug|x86.Build.0 = Debug|Any CPU
		{ED5EA428-89DA-4608-8BEF-4D66AF12D986}.Release|Any CPU.ActiveCfg = Release|Any CPU
		{ED5EA428-89DA-4608-8BEF-4D66AF12D986}.Release|Any CPU.Build.0 = Release|Any CPU
		{ED5EA428-89DA-4608-8BEF-4D66AF12D986}.Release|x64.ActiveCfg = Release|Any CPU
		{ED5EA428-89DA-4608-8BEF-4D66AF12D986}.Release|x64.Build.0 = Release|Any CPU
		{ED5EA428-89DA-4608-8BEF-4D66AF12D986}.Release|x86.ActiveCfg = Release|Any CPU
		{ED5EA428-89DA-4608-8BEF-4D66AF12D986}.Release|x86.Build.0 = Release|Any CPU
	EndGlobalSection
EndGlobal
